
Microsoft Visual Studio Solution File, Format Version 12.00
# Visual Studio Version 17
VisualStudioVersion = 17.5.33402.96
MinimumVisualStudioVersion = 10.0.40219.1
Project("{FAE04EC0-301F-11D3-BF4B-00C04F79EFBC}") = "AdvancedAuth", "AdvancedAuth\AdvancedAuth.csproj", "{BF593145-C248-40CB-82AB-A6C194FA9D88}"
EndProject
Global
	GlobalSection(SolutionConfigurationPlatforms) = preSolution
		Debug|Any CPU = Debug|Any CPU
		Release|Any CPU = Release|Any CPU
	EndGlobalSection
	GlobalSection(ProjectConfigurationPlatforms) = postSolution
		{BF593145-C248-40CB-82AB-A6C194FA9D88}.Debug|Any CPU.ActiveCfg = Debug|Any CPU
		{BF593145-C248-40CB-82AB-A6C194FA9D88}.Debug|Any CPU.Build.0 = Debug|Any CPU
		{BF593145-C248-40CB-82AB-A6C194FA9D88}.Release|Any CPU.ActiveCfg = Release|Any CPU
		{BF593145-C248-40CB-82AB-A6C194FA9D88}.Release|Any CPU.Build.0 = Release|Any CPU
	EndGlobalSection
	GlobalSection(SolutionProperties) = preSolution
		HideSolutionNode = FALSE
	EndGlobalSection
	GlobalSection(ExtensibilityGlobals) = postSolution
		SolutionGuid = {8A858B42-8CC3-40B4-B4A6-F56E79A9FBC4}
	EndGlobalSection
EndGlobal
